- claim_id: clm_inf01
  text: "Filament is the de facto cross-platform substrate for this decision: SceneView/Sceneform on Android, react-native-filament on React Native, and Thermion on Flutter all wrap the same Filament engine, so a Filament-centric architecture is portable across native-Android, RN, and Flutter front-ends while iOS is the only major target requiring a non-Filament native path."
  materiality: material
  claim_type: comparative
  status: inference
  confidence: high
  sources: []
  inference_basis: {from_claims: [clm_008, clm_012, clm_021, clm_038, clm_039, clm_045, clm_056], reasoning_summary: "SceneView (clm_008/clm_012), react-native-filament (clm_021), Thermion (clm_038/clm_039), and Sceneform Maintained (clm_056) are each documented as Filament wrappers; Filament itself is a single-codebase engine (clm_045). Converging on Filament minimizes per-platform renderer divergence."}
  report_locations: []
  reviewer_notes: ""
- claim_id: clm_inf02
  text: "SceneKit must be excluded as a forward-looking engine choice: Apple soft-deprecated it across all platforms at WWDC25 and put it in maintenance mode (critical bug fixes only, no new features or optimizations), so any KnitWit feature needing future GPU/perf work on SceneKit would be building on a frozen runtime."
  materiality: material
  claim_type: recommendation
  status: inference
  confidence: high
  sources: []
  inference_basis: {from_claims: [clm_001, clm_002, clm_003], reasoning_summary: "Apple deprecated SceneKit (clm_001), it is not recommended for new apps (clm_002), and it gets only critical bug fixes with no new optimizations (clm_003). A performance-sensitive new app should not target a frozen engine."}
  report_locations: []
  reviewer_notes: ""
- claim_id: clm_inf03
  text: "On iOS the only vendor-sanctioned native dynamic-mesh path is RealityKit LowLevelMesh, which imposes a hard iOS 18 / iPadOS 18 deployment-target floor; teams needing to support iOS 17 or earlier on mid-range phones must instead use a Filament-based stack (react-native-filament / Thermion / native Filament), which carries no such OS floor."
  materiality: material
  claim_type: causal
  status: inference
  confidence: high
  sources: []
  inference_basis: {from_claims: [clm_002, clm_050, clm_051, clm_023, clm_045], reasoning_summary: "SceneKit is deprecated (clm_002), so the native dynamic-mesh successor is LowLevelMesh (clm_050) which requires iOS 18+ (clm_051). Filament renders via Metal on iOS (clm_023, clm_045) with no documented OS-18 floor, making it the lower-floor option."}
  report_locations: []
  reviewer_notes: ""
- claim_id: clm_inf04
  text: "All four viable runtimes expose a partial / sub-range GPU buffer update API that satisfies KnitWit's row-advance and recolor requirement without full re-uploads: Filament setBufferAt(byteOffset) and setBufferObjectAt hot-swap, RealityKit LowLevelMesh CPU/GPU in-place update, and three.js BufferAttribute.addUpdateRange(start,count); incremental row-by-row buffer mutation is therefore an engine-supported feature, not a workaround, on every candidate except deprecated SceneKit."
  materiality: material
  claim_type: comparative
  status: inference
  confidence: high
  sources: []
  inference_basis: {from_claims: [clm_034, clm_036, clm_068, clm_071, clm_052, clm_053, clm_028, clm_029, clm_031], reasoning_summary: "Filament setBufferAt mutation is maintainer-confirmed (clm_034/clm_036) with byte-offset partial copy (clm_068) and buffer-object hot-swap (clm_071); LowLevelMesh updates without entity rebuild (clm_052/clm_053); three.js addUpdateRange re-uploads only a component sub-range (clm_028/clm_029/clm_031)."}
  report_locations: []
  reviewer_notes: ""
- claim_id: clm_inf05
  text: "Filament is the strongest single primary engine choice for KnitWit because it uniquely combines (a) Metal-on-iOS plus OpenGL/Vulkan-on-Android backends, (b) a maintainer-confirmed in-place vertex-buffer mutation path plus a whole-buffer hot-swap path, (c) a native glTF 2.0/.glb importer that maps directly to vertex/index buffers, and (d) front-end bindings for native-Android, React Native, and Flutter -- a combination no competing engine in the evidence matches."
  materiality: material
  claim_type: recommendation
  status: inference
  confidence: high
  sources: []
  inference_basis: {from_claims: [clm_023, clm_036, clm_062, clm_063, clm_071, clm_021, clm_038, clm_008, clm_045, clm_049], reasoning_summary: "Filament covers Metal+GL/Vulkan (clm_023/clm_045), in-place mutation (clm_036) and hot-swap (clm_071), direct glTF->buffer import (clm_062/clm_063), RN/Flutter/Android bindings (clm_021/clm_038/clm_008), and is actively maintained (clm_049). No other candidate scores across all four axes."}
  report_locations: []
  reviewer_notes: ""
- claim_id: clm_inf06
  text: "The recommended decision rule is: default to native Filament when an iOS-17-or-earlier floor or maximal control is required; choose react-native-filament or Thermion when the team already owns a React Native or Flutter codebase and wants one 3D layer; and choose RealityKit (iOS) + SceneView/Filament (Android) only when deep platform-native AR/ECS integration outweighs maintaining two renderers and an iOS 18 floor is acceptable."
  materiality: material
  claim_type: recommendation
  status: inference
  confidence: medium
  sources: []
  inference_basis: {from_claims: [clm_021, clm_022, clm_038, clm_041, clm_051, clm_004, clm_006, clm_014], reasoning_summary: "react-native-filament (clm_021/clm_022) and Thermion (clm_038/clm_041) give one cross-platform 3D layer; RealityKit offers ECS and tvOS/visionOS reach (clm_004/clm_006) but an iOS-18 LowLevelMesh floor (clm_051); SceneView provides the Android-native Filament path (clm_014)."}
  report_locations: []
  reviewer_notes: ""
- claim_id: clm_inf07
  text: "Unity is the weakest fit for an amigurumi-first viewer on binary-size grounds: its IL2CPP backend AOT-compiles C# into the app and universal builds roughly double size by bundling 32-bit and 64-bit slices, whereas react-native-filament's native dependency adds only ~4MB -- an order-of-magnitude-class delta that matters for a single-feature 3D preview rather than a whole game."
  materiality: material
  claim_type: comparative
  status: inference
  confidence: medium
  sources: []
  inference_basis: {from_claims: [clm_015, clm_016, clm_017, clm_018, clm_022], reasoning_summary: "Unity IL2CPP AOT-compiles C# into the binary (clm_016) and fat builds nearly double size (clm_017) against Apple's size limits (clm_018); react-native-filament adds only ~4MB (clm_022). For a single 3D feature the Unity engine overhead is disproportionate."}
  report_locations: []
  reviewer_notes: ""
- claim_id: clm_inf08
  text: "Per-region highlight and recolor (current-row, ghost-next-row, piece isolation) map cleanly onto engine primitives without per-frame geometry rebuilds: RealityKit LowLevelMesh.Part assigns a primitive range to a material index, Filament's 8-slot vertex buffer lets a separate per-vertex color slot be updated independently, and three.js updateRanges can re-upload only the color component -- so highlight state can be encoded as material-index or color-buffer changes scoped to the active round's index range."
  materiality: material
  claim_type: comparative
  status: inference
  confidence: high
  sources: []
  inference_basis: {from_claims: [clm_054, clm_069, clm_071, clm_029, clm_002], reasoning_summary: "LowLevelMesh.Part maps a primitive range to a material index (clm_054); Filament allows up to 8 independently updatable buffer slots (clm_069) and buffer-object hot-swap (clm_071); three.js can re-upload just the color component (clm_029). Highlight = scoped material/color update, not a rebuild."}
  report_locations: []
  reviewer_notes: ""
- claim_id: clm_inf09
  text: "The recommended IR-to-GPU runtime data flow is: Crochet IR pieces[].rounds[].ops (op enum mr|sc|inc|dec|...) expand to a per-stitch node/edge stitch-graph carrying round_index and stitch_index, which is laid out into a single interleaved vertex buffer plus an index buffer where each round occupies a contiguous index range; row-advance and ghost-overlay then call only a sub-range buffer update (Filament setBufferAt at the round's byteOffset, or three.js addUpdateRange over that round's component span), keeping per-frame CPU work proportional to one round rather than the whole mesh."
  materiality: material
  claim_type: recommendation
  status: inference
  confidence: medium
  sources: []
  inference_basis: {from_claims: [clm_063, clm_068, clm_069, clm_028, clm_034, clm_052], reasoning_summary: "FilamentAsset is already textures+vertex+index buffers (clm_063); setBufferAt updates a single slot at a 4-byte-aligned byteOffset (clm_068) with up to 8 slots (clm_069); three.js addUpdateRange targets a start/count span (clm_028); LowLevelMesh updates in place (clm_052). Mapping each round to a contiguous index range makes per-round partial updates feasible. Round/stitch indices align to the IR v0.1 rounds[].index and expected_stitch_count fields."}
  report_locations: []
  reviewer_notes: ""
- claim_id: clm_inf10
  text: "glTF/.glb should be the interchange format between KnitWit's pattern->3D generator and the runtime, because every Filament-based candidate ingests glTF 2.0 natively (Filament gltfio AssetLoader, Sceneform Maintained, react-native-filament .glb-only, Thermion) and Filament's loader maps glTF directly to vertex/index buffers; RealityKit is the lone exception, requiring conversion to USD/USDZ, which argues for emitting both glTF (Android/cross-platform) and USDZ (iOS-native) from the same stitch-graph if a RealityKit path is kept."
  materiality: material
  claim_type: comparative
  status: inference
  confidence: high
  sources: []
  inference_basis: {from_claims: [clm_062, clm_063, clm_057, clm_027, clm_042, clm_005, clm_007], reasoning_summary: "Filament gltfio imports glTF directly to GPU buffers (clm_062/clm_063), Sceneform (clm_057), react-native-filament .glb (clm_027), and Thermion (clm_042) all ingest glTF; RealityKit uses USD and needs SCN/DCC->USDZ conversion (clm_005/clm_007), so iOS-native requires a parallel USDZ export."}
  report_locations: []
  reviewer_notes: ""
- claim_id: clm_inf11
  text: "react-native-filament's ~4MB add and off-JS-thread rendering make it the lowest-friction way to add interactive 3D to a React Native KnitWit app, but its .glb-only loader means the pattern->3D generator must always emit binary .glb (not JSON glTF), making .glb the canonical runtime export rather than an optional one."
  materiality: material
  claim_type: causal
  status: inference
  confidence: medium
  sources: []
  inference_basis: {from_claims: [clm_022, clm_025, clm_027], reasoning_summary: "react-native-filament adds ~4MB (clm_022), renders off the JS/UI thread (clm_025), but loads only .glb directly (clm_027), so the generator must target .glb to use this path."}
  report_locations: []
  reviewer_notes: ""
- claim_id: clm_inf12
  text: "The Android-native path has a clear successor ordering: Sceneform Maintained (Java, last release 1.23.0 in Aug 2023, self-marked 'not updated anymore') should be treated as study-only legacy, while the Kotlin/Jetpack-Compose SceneView is the actively-developed Filament+ARCore renderer and the correct Android-native target; both sit on Filament, so migrating between them changes the binding layer, not the rendering substrate."
  materiality: material
  claim_type: comparative
  status: inference
  confidence: high
  sources: []
  inference_basis: {from_claims: [clm_058, clm_060, clm_013, clm_012, clm_059], reasoning_summary: "Sceneform Maintained is self-marked abandoned (clm_058) with last release 1.23.0 (clm_060); SceneView is the Compose-native actively-developed successor (clm_013/clm_012); both are Filament+ARCore lineages (clm_059)."}
  report_locations: []
  reviewer_notes: ""
- claim_id: clm_inf13
  text: "The cross-platform-vs-native tradeoff favors a single Filament-based 3D layer for KnitWit's MVP: one renderer (react-native-filament or Thermion) avoids maintaining two divergent codebases and two glTF/USDZ asset pipelines, at the cost of Filament's experimental/immature edges (Thermion's web build needs manual WASM compilation; react-native-filament/Thermion are smaller-community wrappers vs Apple-first-party RealityKit) -- a maintenance-cost reduction that is well-supported but whose runtime maturity on mid-range phones is not independently benchmarked in this evidence set."
  materiality: material
  claim_type: comparative
  status: inference
  confidence: medium
  sources: []
  inference_basis: {from_claims: [clm_021, clm_038, clm_043, clm_026, clm_007, clm_010], reasoning_summary: "One Filament wrapper (clm_021/clm_038) is a single codebase vs native RealityKit+SceneView with a USDZ pipeline (clm_007); offsetting risks are Thermion's experimental web (clm_043) and vendor-only production claims (clm_026). 3D-only mode avoids ARCore weight (clm_010)."}
  report_locations: []
  reviewer_notes: ""
- claim_id: clm_spec01
  text: "Because every source in this corpus is a vendor doc, official repo, or maintainer issue and the cards repeatedly note 'stated capabilities, not independently benchmarked performance,' the numeric mid-range performance budget (triangle/draw-call/memory/FPS ceilings) cannot be set from this evidence alone; the G1 evidence-quality gate should be treated as only partially passed for the performance dimension, and the budget must be fixed by a profiling experiment (EXP-012 mobile rendering feasibility) on a reference device before it is trusted."
  materiality: material
  claim_type: prediction
  status: speculation
  confidence: high
  sources: []
  inference_basis: {from_claims: [], reasoning_summary: "All twelve source cards are primary vendor/repo sources whose own limitations sections state they document stated capabilities rather than measured performance; no independent mobile-graphics benchmark is present, so any FPS/polycount budget here would be inference, not evidence. The honest move is to gate the numeric budget behind a measured prototype."}
  report_locations: []
  reviewer_notes: ""
- claim_id: clm_spec02
  text: "An engineering inference (not benchmarked here): a structural stitch-as-node/edge-with-thickness amigurumi mesh will land in the low tens of thousands of triangles per piece (order ~200-400 stitches per small piece x a low-poly tube/sphere per stitch), which should stay comfortably interactive at 30-60 FPS on a mid-range phone given Filament's lightweight-on-Android design posture -- but this is a forward-looking estimate that must be confirmed by the EXP-005/EXP-012 prototypes, and surface-reconstruction meshing could push polycount materially higher."
  materiality: material
  claim_type: prediction
  status: speculation
  confidence: low
  sources: []
  inference_basis: {from_claims: [clm_046], reasoning_summary: "Filament is explicitly designed to be small/efficient on Android (clm_046), suggesting headroom, but no triangle-count or FPS figure exists in the corpus; the polycount estimate is an unbenchmarked engineering guess pending prototype measurement."}
  report_locations: []
  reviewer_notes: ""
- claim_id: clm_spec03
  text: "The highest-leverage near-term experiment is a row-highlight export + partial-buffer-update spike (EXP-006 plus EXP-012): build one small amigurumi piece as a stitch-graph -> single interleaved vertex buffer + per-round index ranges, then drive row-advance and ghost-next-row via setBufferAt/addUpdateRange/LowLevelMesh-Part on a real mid-range device; passing it de-risks G3 (pattern->3D viability) and establishes the performance budget that clm_spec01 says is currently unfounded."
  materiality: material
  claim_type: recommendation
  status: speculation
  confidence: medium
  sources: []
  inference_basis: {from_claims: [], reasoning_summary: "Forward-looking experiment recommendation; rests on the data-flow design in clm_inf09 and the budget gap in clm_spec01. It is speculation because it predicts what a not-yet-run prototype would prove."}
  report_locations: []
  reviewer_notes: ""
- claim_id: clm_spec04
  text: "Contradiction to flag (decision impact: medium): RealityKit offers Apple-first-party support, ECS, and the broadest first-party reach (iOS/iPadOS/macOS/tvOS/visionOS) and a vendor-blessed dynamic-mesh API, which pulls toward a native iOS path; but its iOS-18 LowLevelMesh floor and USD-only asset pipeline pull against the single-glTF, lower-OS-floor Filament path -- the likely resolution is to ship Filament cross-platform for the MVP and add a native RealityKit path only if/when AR or visionOS becomes a product priority and the iOS-18 floor is acceptable."
  materiality: material
  claim_type: comparative
  status: speculation
  confidence: medium
  sources: []
  inference_basis: {from_claims: [], reasoning_summary: "Names both sides of a real tension (clm_004/clm_005/clm_050/clm_051 favoring RealityKit reach but USD+iOS18 cost, vs clm_inf05's Filament breadth); the resolution is a forward-looking product-sequencing judgment, hence speculation."}
  report_locations: []
  reviewer_notes: ""
