- claim_id: clm_inf01
  text: "Among the four candidate methods, only Martinez & Taylor Lipnicki's surfaces-of-revolution generator is end-to-end reproducible today (open AGPL-3.0 Sage code, fully specified deterministic formulas s(i)=round(2*pi*scale*(S/4)*f(x_i)) and arclength row placement), whereas AmiGo, the Capunaman NURBS-UV method, and Crochet Lathe each have at least one reproduction-blocking gap (no released code, a Grasshopper/Rhino dependency, or unspecified internals)."
  materiality: material
  claim_type: comparative
  status: inference
  confidence: high
  sources: []
  inference_basis: {from_claims: [clm_034, clm_044, clm_047, clm_021, clm_016, clm_012], reasoning_summary: "AmiGo is Matlab/C++ with no code/data release (clm_034, clm_012); the Capunaman method runs only inside Grasshopper-for-Rhino on NURBS UV (clm_016) with no public code cited; only math_crochet publishes runnable code (clm_047) with fully stated deterministic formulas (clm_044), so it is the sole turnkey-reproducible pipeline despite AGPL copyleft (clm_021)."}
  report_locations: []
  reviewer_notes: ''
- claim_id: clm_inf02
  text: "For KnitWit's v1 the evidence supports an option (b)+(a) hybrid: ship a heuristic/templated surface-of-revolution generator first (analytically solved, low-risk) and reproduce only the de-scoped AmiGo-style geodesic row planner ('Amigurumi Graph Lite') as the general-mesh path, while option (c) ML-assist is not yet justified by any source in the set."
  materiality: material
  claim_type: recommendation
  status: inference
  confidence: high
  sources: []
  inference_basis: {from_claims: [clm_007, clm_011, clm_012, clm_044, clm_009], reasoning_summary: "Surfaces of revolution are called analytically solved and lowest-risk (clm_011) with a closed-form deterministic stitch count (clm_044); general AmiGo-style mapping is flagged higher-risk with no public code and second-to-minute runtimes (clm_012); the project's own recommended baseline is the de-scoped Graph Lite (clm_007, clm_009); no source provides ML accuracy/robustness evidence, so ML-assist lacks an evidentiary basis."}
  report_locations: []
  reviewer_notes: ''
- claim_id: clm_inf03
  text: "The recommended-method comparison matrix scores math_crochet (surface-of-revolution) highest on reproducibility and compute but lowest on shape coverage, AmiGo highest on shape fidelity/robustness but worst on license-free reproducibility and mobile compute (2.5 min, 3670 stitches for Teddy), Capunaman NURBS-UV mid on fidelity but blocked by Rhino dependence, and the Greer-Mould force-directed layout as the natural pattern-to-3D round-trip engine rather than a mesh-to-pattern generator."
  materiality: material
  claim_type: comparative
  status: inference
  confidence: medium
  sources: []
  inference_basis: {from_claims: [clm_034, clm_044, clm_047, clm_016, clm_048, clm_027, clm_012], reasoning_summary: "Synthesizes per-method properties: math_crochet reproducible but revolution-only (clm_047, clm_027); AmiGo high-fidelity general-mesh but heavy and unreleased (clm_034, clm_012); Capunaman tied to NURBS UV in Rhino (clm_016); Greer-Mould maps written pattern to graph to 3D (clm_048), making it the round-trip/visualizer side, not a generator."}
  report_locations: []
  reviewer_notes: ''
- claim_id: clm_inf04
  text: "The crochetability constraint model that should govern KnitWit's generator is: (1) a hard legality bound that no row-to-row transition may more than double or more than halve the stitch count (a single inc/dec step cannot exceed 2x or 0.5x); (2) a tighter design bound of approximately +/-1 stitch of the smooth circumference ratio per row with increases distributed evenly; and (3) a segmentation trigger when a feature would force roughly a >50% single-round increase."
  materiality: material
  claim_type: quantitative
  status: inference
  confidence: high
  sources: []
  inference_basis: {from_claims: [clm_045, clm_008, clm_013, clm_044], reasoning_summary: "math_crochet enforces the hard 2x/0.5x legality bound and errors otherwise (clm_045); the B1 baseline sets the +/-1 smooth-ratio and ~2x design heuristic (clm_008); the >50%-increase segmentation threshold is the project's de-risk rule (clm_013); all sit atop the deterministic circumference-times-gauge stitch count (clm_044)."}
  report_locations: []
  reviewer_notes: ''
- claim_id: clm_inf05
  text: "The two numeric crochetability bounds in the source set disagree by roughly 2x in strictness: math_crochet's published legality cap permits up to a 100% single-round increase (2x) before erroring, whereas the B1 heuristic treats a >~50% single-round increase as already not reliably crochetable and a segmentation trigger; the resolution is to treat ~2x as the absolute machine-legality ceiling and ~50% as the design/quality ceiling, with decision impact medium."
  materiality: material
  claim_type: comparative
  status: inference
  confidence: medium
  sources: []
  inference_basis: {from_claims: [clm_045, clm_013, clm_008], reasoning_summary: "math_crochet errors only when count more than doubles or halves (clm_045 = 100%/2x ceiling); the B1 report flags >~50% per round as not reliably crochetable (clm_013) and recommends staying near the smooth ratio (clm_008). The two are different thresholds for different purposes (legality vs quality), so both are kept as a two-tier rule rather than averaged."}
  report_locations: []
  reviewer_notes: ''
- claim_id: clm_inf06
  text: "AmiGo is the only source-backed method that gives no explicit numeric inc/dec-rate cap, deriving transitions implicitly from DTW row coupling and the sc/inc(x)/dec(x) transducer; this is the single largest underspecified stage for KnitWit's bounded-constraint goal and must be supplied externally (e.g. by adopting the math_crochet 2x bound) rather than read off AmiGo."
  materiality: material
  claim_type: comparative
  status: inference
  confidence: high
  sources: []
  inference_basis: {from_claims: [clm_032, clm_031, clm_045], reasoning_summary: "AmiGo's transducer emits inc(x)/dec(x) from DTW coupling with no stated numeric cap (clm_032, clm_031); only math_crochet states an explicit numeric transition bound (clm_045), so the bound must be imported from the revolution method, not from AmiGo."}
  report_locations: []
  reviewer_notes: ''
- claim_id: clm_inf07
  text: "Mapped stage-by-stage, AmiGo's reproducible-vs-underspecified split is: row function (geodesic distance via Heat Method, t = avg-edge-length^2) is fully specified; column function (least-squares J-gradient minimization) is specified as an objective; segmentation over saddle isolines plus topological-sort ordering is specified; but the DTW coupling parameters, the inc/dec numeric cap, the CMCF inflation stop-criterion beyond 'mean curvature positive everywhere', and all dataset/code are underspecified or unreleased."
  materiality: material
  claim_type: factual
  status: inference
  confidence: high
  sources: []
  inference_basis: {from_claims: [clm_029, clm_030, clm_058, clm_059, clm_031, clm_032, clm_033, clm_034], reasoning_summary: "Row function (clm_029) and column objective (clm_030) and saddle segmentation/topo-sort (clm_058, clm_059) are stated; DTW (clm_031) and transducer (clm_032) lack numeric parameters; CMCF stop is qualitative (clm_033); no code/data released (clm_034). The split follows from which stages carry equations/parameters versus prose."}
  report_locations: []
  reviewer_notes: ''
- claim_id: clm_inf08
  text: "Crochet Lathe / the math_crochet lineage is the correct lower-risk first milestone (G4 mesh-to-pattern primitive) because its constraint model is fully closed-form and self-validating: it deterministically resolves every row via arclength and flags illegal transitions itself, but its AGPL-3.0 license and Sage/CoCalc runtime make direct code reuse unfit for a closed-source mobile app, so KnitWit should re-implement the documented formulas rather than embed the repo."
  materiality: material
  claim_type: recommendation
  status: inference
  confidence: high
  sources: []
  inference_basis: {from_claims: [clm_042, clm_043, clm_044, clm_045, clm_021, clm_022, clm_023], reasoning_summary: "The method resolves rows by arclength (clm_042, clm_043), counts stitches deterministically (clm_044), and self-flags illegal transitions (clm_045) - a complete constraint model; but it is AGPL-3.0 (clm_021), 100% Sage (clm_022), run in CoCalc (clm_023), so the formulas are reusable as a spec but the code is not embeddable, motivating clean re-implementation."}
  report_locations: []
  reviewer_notes: ''
- claim_id: clm_inf09
  text: "On the academic-feasibility vs product-readiness line, every method in the set is academically demonstrated but none is product-ready for an amigurumi-first mobile app: AmiGo's 2.5-minute Matlab/C++ runtime and unreleased code, Capunaman's desktop Rhino dependency, and math_crochet's Sage/CoCalc worksheet all fail the mobile/offline/closed-source product bar, so KnitWit's v1 deterministic engine must be a fresh mobile-targeted re-implementation of published math, not an integration of any existing artifact."
  materiality: material
  claim_type: comparative
  status: inference
  confidence: high
  sources: []
  inference_basis: {from_claims: [clm_034, clm_012, clm_016, clm_023, clm_022], reasoning_summary: "AmiGo: 2.5 min, Matlab/C++, unreleased (clm_034, clm_012); Capunaman: Grasshopper/Rhino NURBS (clm_016); math_crochet: Sage in CoCalc (clm_023, clm_022). None targets mobile/offline/closed-source, so all are feasibility demos, not products."}
  report_locations: []
  reviewer_notes: ''
- claim_id: clm_inf10
  text: "Geodesic-distance iso-curve extraction (Bridges 2024) and AmiGo share the same row model (equidistant geodesic curves spaced by SC stitch height) but Bridges is the more reproducible specification of the row-extraction stage for simple primitives, because on a sphere/egg/pear the geodesic field is smooth and single-component, avoiding the saddle-segmentation and DTW machinery that AmiGo invokes only for branching shapes."
  materiality: material
  claim_type: comparative
  status: inference
  confidence: medium
  sources: []
  inference_basis: {from_claims: [clm_077, clm_078, clm_029, clm_058, clm_081], reasoning_summary: "Bridges models rows as geodesic equidistant curves spaced by stitch height (clm_077, clm_078), identical to AmiGo's geodesic row function (clm_029); saddle segmentation (clm_058) and multi-component partitioning (clm_081) only arise for branching/multi-leg shapes, so convex primitives need only the simpler single-field extraction."}
  report_locations: []
  reviewer_notes: ''
- claim_id: clm_inf11
  text: "Mesh preconditioning is non-optional for any deterministic generator in this set: inputs must be watertight closed genus-0 manifolds, and 'crater' regions (negative mean curvature with positive Gaussian curvature) must be removed by inflation / Conformal Mean Curvature Flow before pattern generation, meaning a mesh-sanitization plus curvature-repair pass is a hard prerequisite stage, not an optional cleanup."
  materiality: material
  claim_type: causal
  status: inference
  confidence: high
  sources: []
  inference_basis: {from_claims: [clm_028, clm_033, clm_080, clm_003], reasoning_summary: "AmiGo requires closed surfaces (clm_028, clm_003); both AmiGo (clm_033) and Bridges (clm_080) preprocess away non-realizable craters via CMCF/inflation, establishing curvature repair plus watertightness as mandatory preconditions before generation."}
  report_locations: []
  reviewer_notes: ''
- claim_id: clm_inf12
  text: "A fit-for-purpose OSS mesh-preconditioning toolchain for mobile-targeted v1 plausibly exists in two stacks: (A) libigl (MPL-2.0) for heat-method geodesics, mean/Gaussian curvature, and remeshing, paired with geometry-central for the regularized geodesic solver underpinning AmiGo's row function; and (B) Open3D (MIT) or pymeshlab (GPL) for hole-filling, non-manifold repair, and remeshing to a target edge length tied to stitch size - with the MIT/MPL options preferred over GPL/AGPL for a closed-source app."
  materiality: material
  claim_type: recommendation
  status: speculation
  confidence: medium
  sources: []
  inference_basis: {from_claims: [], reasoning_summary: "Forward-looking toolchain selection. The sources establish the required operations (geodesic distance via Heat Method, curvature evaluation, remeshing to stitch-size edge length, watertight repair: clm_029, clm_033, clm_080, clm_071) and the regularized-geodesic machinery behind AmiGo's row function (clm_065), but do not name OSS libraries; the specific library/license recommendations are inferred from general OSS-geometry knowledge and labeled speculation pending validation."}
  report_locations: []
  reviewer_notes: ''
- claim_id: clm_inf13
  text: "The recommended deterministic pipeline maps cleanly onto Crochet IR v0.1 with one structural caveat: each extracted geodesic row becomes a rounds[] entry whose ops are sc/inc/dec with an expected_stitch_count equal to round(circumference*gauge), and visual_hint.shape_role is set to increase/straight/decrease from the sign of the row-to-row delta; multi-segment shapes become separate pieces[] joined via assembly[] (join-as-you-go), so the only fields the IR lacks natively are BLO/FLO crease stitches and pick-up attachment coordinates."
  materiality: material
  claim_type: factual
  status: inference
  confidence: medium
  sources: []
  inference_basis: {from_claims: [clm_044, clm_032, clm_078, clm_005, clm_079, clm_081], reasoning_summary: "Deterministic per-row stitch count (clm_044) maps to expected_stitch_count; sc/inc/dec ops (clm_032) match the IR op enum; equidistant rows (clm_078) map to rounds[]; automatic segmentation plus join-as-you-go (clm_005, clm_081) map to pieces[] plus assembly[]; BLO/FLO creasing (clm_079) and pick-up points have no native IR field, naming the gap."}
  report_locations: []
  reviewer_notes: ''
- claim_id: clm_inf14
  text: "The pattern-to-3D round-trip needed for G3 is achievable with the Greer-Mould force-directed graph layout because its input (row-by-stitch amigurumi notation, each node a sphere) is information-equivalent to Crochet IR rounds[].ops, so the generator's IR output can be visualized without a second lossy conversion; the only round-trip loss is geometric (the layout approximates shape and size, it does not reconstruct the original mesh exactly)."
  materiality: material
  claim_type: comparative
  status: inference
  confidence: medium
  sources: []
  inference_basis: {from_claims: [clm_048, clm_052, clm_001], reasoning_summary: "Greer-Mould consumes row-by-stitch notation and lays it out into a shape/size-matching 3D model (clm_048, clm_052); that notation is isomorphic to IR rounds/ops, so IR feeds the visualizer directly. The layout matches shape/size approximately, naming the lossy boundary as geometric approximation."}
  report_locations: []
  reviewer_notes: ''
- claim_id: clm_inf15
  text: "Seed-point placement is a quality-not-feasibility variable for convex primitives but becomes feasibility-critical for branching shapes: AmiGo/Bridges require the seed at a pole/extremum so the geodesic field stays single-component, and a poorly placed seed on a multi-limbed model forces earlier saddle segmentation; for KnitWit v1 (single-part convex meshes) automatic pole/extremum detection is sufficient and user seed selection is an optional refinement."
  materiality: material
  claim_type: causal
  status: inference
  confidence: medium
  sources: []
  inference_basis: {from_claims: [clm_029, clm_081, clm_058, clm_014, clm_007], reasoning_summary: "Rows are geodesic distance from the seed (clm_029); a head-seeded two-legged model yields multi-component curves requiring partitioning (clm_081, clm_058); the project names seed/seam placement as an open de-risk item (clm_014); v1 is scoped to single-part convex meshes (clm_007), where seed choice mainly affects symmetry/quality, not feasibility."}
  report_locations: []
  reviewer_notes: ''
- claim_id: clm_spec01
  text: "RISK (severity high, likelihood medium): re-implementing AmiGo's geodesic row planner without the released DTW coupling and CMCF parameters will likely produce off-by-stitch row misalignment on non-spherical primitives; mitigation is to validate every generated pattern against the two-tier crochetability linter (2x legality plus ~50% segmentation trigger) and round-trip it through a Greer-Mould-style visualizer before exposing it to users (forward-looking inference)."
  materiality: material
  claim_type: prediction
  status: speculation
  confidence: low
  sources: []
  inference_basis: {from_claims: [clm_031, clm_032, clm_033, clm_045, clm_013], reasoning_summary: "Forward-looking risk: AmiGo's DTW coupling and CMCF stop-criterion are unspecified (clm_031, clm_032, clm_033), so an independent re-implementation may misalign rows; the mitigation reuses the established legality/segmentation bounds (clm_045, clm_013) as a validation gate. Severity/likelihood are estimates, hence speculation."}
  report_locations: []
  reviewer_notes: ''
- claim_id: clm_spec02
  text: "RISK (severity high, likelihood high) and DECISION GATE: AmiGo's 2.5-minute desktop Matlab/C++ runtime for a 60-row 3670-stitch Teddy predicts that a faithful general-mesh inverse generator will not run interactively on mid-range mobile, so G4 should be gated on a primitive-only generator (sphere/egg/pear) running in well under a few seconds, deferring general-mesh AmiGo to a server-side or post-MVP path (forward-looking speculation)."
  materiality: material
  claim_type: prediction
  status: speculation
  confidence: low
  sources: []
  inference_basis: {from_claims: [clm_034, clm_012, clm_011], reasoning_summary: "AmiGo took 2.5 min on desktop Matlab/C++ for one model (clm_034) and is flagged non-real-time (clm_012); revolution/primitive cases are analytically solved and cheap (clm_011). Extrapolating desktop runtime to mobile and the gating recommendation are forward-looking, hence speculation."}
  report_locations: []
  reviewer_notes: ''
- claim_id: clm_spec03
  text: "The IP/license landscape predicts a clear build path: AmiGo (CC BY-NC-SA, non-commercial) and math_crochet (AGPL-3.0, copyleft) both forbid direct reuse in a closed-source commercial app, while autoknit (public domain) and the Greer-Mould paper supply IP-safe reusable pipeline structure and intermediate formats; therefore KnitWit should treat the academic methods as specifications to re-implement and borrow concrete file-format/staging patterns from autoknit's public-domain Constraints-Peeling/Linking-Scheduling-Knitout pipeline (forward-looking inference)."
  materiality: material
  claim_type: recommendation
  status: inference
  confidence: medium
  sources: []
  inference_basis: {from_claims: [clm_001, clm_021, clm_067, clm_072, clm_073], reasoning_summary: "AmiGo is CC BY-NC-SA non-commercial (clm_001); math_crochet is AGPL-3.0 (clm_021); both block closed-source reuse. autoknit is public domain (clm_067) with a documented staged pipeline and intermediate formats (clm_072, clm_073), so its structure is IP-safe to borrow while the academic methods are re-implemented from their published math."}
  report_locations: []
  reviewer_notes: ''
